
Microsoft Visual Studio Solution File, Format Version 12.00
# Visual Studio Version 16
VisualStudioVersion = 16.0.31702.278
MinimumVisualStudioVersion = 10.0.40219.1
Project("{FAE04EC0-301F-11D3-BF4B-00C04F79EFBC}") = "Project", "Project\Project.csproj", "{FFC9955E-9427-4DAC-9827-6021A34A82C7}"
EndProject
Global
	GlobalSection(SolutionConfigurationPlatforms) = preSolution
		Debug|Any CPU = Debug|Any CPU
		Release|Any CPU = Release|Any CPU
	EndGlobalSection
	GlobalSection(ProjectConfigurationPlatforms) = postSolution
		{FFC9955E-9427-4DAC-9827-6021A34A82C7}.Debug|Any CPU.ActiveCfg = Debug|Any CPU
		{FFC9955E-9427-4DAC-9827-6021A34A82C7}.Debug|Any CPU.Build.0 = Debug|Any CPU
		{FFC9955E-9427-4DAC-9827-6021A34A82C7}.Release|Any CPU.ActiveCfg = Release|Any CPU
		{FFC9955E-9427-4DAC-9827-6021A34A82C7}.Release|Any CPU.Build.0 = Release|Any CPU
	EndGlobalSection
	GlobalSection(SolutionProperties) = preSolution
		HideSolutionNode = FALSE
	EndGlobalSection
	GlobalSection(ExtensibilityGlobals) = postSolution
		SolutionGuid = {DF643262-D4F3-439E-B91A-B4337E4DD65A}
	EndGlobalSection
EndGlobal
